
Microsoft Visual Studio Solution File, Format Version 12.00
# Visual Studio Version 16
VisualStudioVersion = 16.0.29001.49
MinimumVisualStudioVersion = 10.0.40219.1
Project("{FAE04EC0-301F-11D3-BF4B-00C04F79EFBC}") = "MenuPlannerAppCSharp", "MenuPlannerAppCSharp\MenuPlannerAppCSharp.csproj", "{7EA2758C-4359-47F3-A966-597E10C73F58}"
EndProject
Global
	GlobalSection(SolutionConfigurationPlatforms) = preSolution
		Debug|Any CPU = Debug|Any CPU
		Release|Any CPU = Release|Any CPU
	EndGlobalSection
	GlobalSection(ProjectConfigurationPlatforms) = postSolution
		{7EA2758C-4359-47F3-A966-597E10C73F58}.Debug|Any CPU.ActiveCfg = Debug|Any CPU
		{7EA2758C-4359-47F3-A966-597E10C73F58}.Debug|Any CPU.Build.0 = Debug|Any CPU
		{7EA2758C-4359-47F3-A966-597E10C73F58}.Debug|Any CPU.Deploy.0 = Debug|Any CPU
		{7EA2758C-4359-47F3-A966-597E10C73F58}.Release|Any CPU.ActiveCfg = Release|Any CPU
		{7EA2758C-4359-47F3-A966-597E10C73F58}.Release|Any CPU.Build.0 = Release|Any CPU
		{7EA2758C-4359-47F3-A966-597E10C73F58}.Release|Any CPU.Deploy.0 = Release|Any CPU
	EndGlobalSection
	GlobalSection(SolutionProperties) = preSolution
		HideSolutionNode = FALSE
	EndGlobalSection
	GlobalSection(ExtensibilityGlobals) = postSolution
		SolutionGuid = {0548DC63-F1A5-4DC9-9291-C3B3E5F9FC49}
	EndGlobalSection
EndGlobal
